{
  "name": "vue-start-cli",
  "version": "1.0.0",
  "lockfileVersion": 2,
  "requires": true,
  "packages": {
    "": {
      "name": "vue-start-cli",
      "version": "1.0.0",
      "license": "ISC",
      "dependencies": {
        "axios": "^0.21.1",
        "chalk": "^4.1.2",
        "commander": "^8.1.0",
        "fs-extra": "^10.0.0",
        "prompts": "^2.4.1",
        "vue-router": "^3.5.2",
        "vuex": "^3.6.2",
        "vuex-persistedstate": "^4.0.0"
      },
      "bin": {
        "vue-start-cli": "index.js"
      }
    },
    "node_modules/ansi-styles": {
      "version": "4.3.0",
      "resolved": "https://repo.ctbiyi.com/repository/npmall/ansi-styles/-/ansi-styles-4.3.0.tgz",
      "integrity": "sha1-7dgDYornHATIWuegkG7a00tkiTc=",
      "license": "MIT",
      "dependencies": {
        "color-convert": "^2.0.1"
      },
      "engines": {
        "node": ">=8"
      },
      "funding": {
        "url": "https://github.com/chalk/ansi-styles?sponsor=1"
      }
    },
    "node_modules/axios": {
      "version": "0.21.1",
      "resolved": "https://repo.ctbiyi.com/repository/npmall/axios/-/axios-0.21.1.tgz",
      "integrity": "sha1-IlY0gZYvTWvemnbVFu8OXTwJsrg=",
      "license": "MIT",
      "dependencies": {
        "follow-redirects": "^1.10.0"
      }
    },
    "node_modules/chalk": {
      "version": "4.1.2",
      "resolved": "https://repo.ctbiyi.com/repository/npmall/chalk/-/chalk-4.1.2.tgz",
      "integrity": "sha1-qsTit3NKdAhnrrFr8CqtVWoeegE=",
      "license": "MIT",
      "dependencies": {
        "ansi-styles": "^4.1.0",
        "supports-color": "^7.1.0"
      },
      "engines": {
        "node": ">=10"
      },
      "funding": {
        "url": "https://github.com/chalk/chalk?sponsor=1"
      }
    },
    "node_modules/color-convert": {
      "version": "2.0.1",
      "resolved": "https://repo.ctbiyi.com/repository/npmall/color-convert/-/color-convert-2.0.1.tgz",
      "integrity": "sha1-ctOmjVmMm9s68q0ehPIdiWq9TeM=",
      "license": "MIT",
      "dependencies": {
        "color-name": "~1.1.4"
      },
      "engines": {
        "node": ">=7.0.0"
      }
    },
    "node_modules/color-name": {
      "version": "1.1.4",
      "resolved": "https://repo.ctbiyi.com/repository/npmall/color-name/-/color-name-1.1.4.tgz",
      "integrity": "sha1-wqCah6y95pVD3m9j+jmVyCbFNqI=",
      "license": "MIT"
    },
    "node_modules/commander": {
      "version": "8.1.0",
      "resolved": "https://repo.ctbiyi.com/repository/npmall/commander/-/commander-8.1.0.tgz",
      "integrity": "sha1-2zbj5m7fJP9ZHWOYYsarLFJmQ2I=",
      "license": "MIT",
      "engines": {
        "node": ">= 12"
      }
    },
    "node_modules/deepmerge": {
      "version": "4.2.2",
      "resolved": "https://repo.ctbiyi.com/repository/npmall/deepmerge/-/deepmerge-4.2.2.tgz",
      "integrity": "sha1-RNLqNnm49NT/ujPwPYZfwee/SVU=",
      "license": "MIT",
      "engines": {
        "node": ">=0.10.0"
      }
    },
    "node_modules/follow-redirects": {
      "version": "1.14.2",
      "resolved": "https://repo.ctbiyi.com/repository/npmall/follow-redirects/-/follow-redirects-1.14.2.tgz",
      "integrity": "sha1-zsuCUEfAD15msUL5D+1PUV3seJs=",
      "funding": [
        {
          "type": "individual",
          "url": "https://github.com/sponsors/RubenVerborgh"
        }
      ],
      "license": "MIT",
      "engines": {
        "node": ">=4.0"
      },
      "peerDependenciesMeta": {
        "debug": {
          "optional": true
        }
      }
    },
    "node_modules/fs-extra": {
      "version": "10.0.0",
      "resolved": "https://repo.ctbiyi.com/repository/npmall/fs-extra/-/fs-extra-10.0.0.tgz",
      "integrity": "sha1-n/YbZV3eU/s0qC34S7IUzoAuF8E=",
      "license": "MIT",
      "dependencies": {
        "graceful-fs": "^4.2.0",
        "jsonfile": "^6.0.1",
        "universalify": "^2.0.0"
      },
      "engines": {
        "node": ">=12"
      }
    },
    "node_modules/graceful-fs": {
      "version": "4.2.8",
      "resolved": "https://repo.ctbiyi.com/repository/npmall/graceful-fs/-/graceful-fs-4.2.8.tgz",
      "integrity": "sha1-5BK40z9eAGWTy9PO5t+fLOu+gCo=",
      "license": "ISC"
    },
    "node_modules/has-flag": {
      "version": "4.0.0",
      "resolved": "https://repo.ctbiyi.com/repository/npmall/has-flag/-/has-flag-4.0.0.tgz",
      "integrity": "sha1-lEdx/ZyByBJlxNaUGGDaBrtZR5s=",
      "license": "MIT",
      "engines": {
        "node": ">=8"
      }
    },
    "node_modules/jsonfile": {
      "version": "6.1.0",
      "resolved": "https://repo.ctbiyi.com/repository/npmall/jsonfile/-/jsonfile-6.1.0.tgz",
      "integrity": "sha1-vFWyY0eTxnnsZAMJTrE2mKbsCq4=",
      "license": "MIT",
      "dependencies": {
        "universalify": "^2.0.0"
      },
      "optionalDependencies": {
        "graceful-fs": "^4.1.6"
      }
    },
    "node_modules/kleur": {
      "version": "3.0.3",
      "resolved": "https://repo.ctbiyi.com/repository/npmall/kleur/-/kleur-3.0.3.tgz",
      "integrity": "sha1-p5yezIbuHOP6YgbRIWxQHxR/wH4=",
      "license": "MIT",
      "engines": {
        "node": ">=6"
      }
    },
    "node_modules/prompts": {
      "version": "2.4.1",
      "resolved": "https://repo.ctbiyi.com/repository/npmall/prompts/-/prompts-2.4.1.tgz",
      "integrity": "sha1-vv07EZW6BS+f0v3opIbE6C7nf2E=",
      "license": "MIT",
      "dependencies": {
        "kleur": "^3.0.3",
        "sisteransi": "^1.0.5"
      },
      "engines": {
        "node": ">= 6"
      }
    },
    "node_modules/shvl": {
      "version": "2.0.3",
      "resolved": "https://repo.ctbiyi.com/repository/npmall/shvl/-/shvl-2.0.3.tgz",
      "integrity": "sha1-60vTdkT1aEu6H8UsMBDJb7Xmr9E=",
      "license": "MIT"
    },
    "node_modules/sisteransi": {
      "version": "1.0.5",
      "resolved": "https://repo.ctbiyi.com/repository/npmall/sisteransi/-/sisteransi-1.0.5.tgz",
      "integrity": "sha1-E01oEpd1ZDfMBcoBNw06elcQde0=",
      "license": "MIT"
    },
    "node_modules/supports-color": {
      "version": "7.2.0",
      "resolved": "https://repo.ctbiyi.com/repository/npmall/supports-color/-/supports-color-7.2.0.tgz",
      "integrity": "sha1-G33NyzK4E4gBs+R4umpRyqiWSNo=",
      "license": "MIT",
      "dependencies": {
        "has-flag": "^4.0.0"
      },
      "engines": {
        "node": ">=8"
      }
    },
    "node_modules/universalify": {
      "version": "2.0.0",
      "resolved": "https://repo.ctbiyi.com/repository/npmall/universalify/-/universalify-2.0.0.tgz",
      "integrity": "sha1-daSYTv7cSwiXXFrrc/Uw0C3yVxc=",
      "license": "MIT",
      "engines": {
        "node": ">= 10.0.0"
      }
    },
    "node_modules/vue": {
      "version": "2.6.14",
      "resolved": "https://repo.ctbiyi.com/repository/npmall/vue/-/vue-2.6.14.tgz",
      "integrity": "sha1-5RqlJQJQ1Wmj+606ilpofWA24jU=",
      "license": "MIT",
      "peer": true
    },
    "node_modules/vue-router": {
      "version": "3.5.2",
      "resolved": "https://repo.ctbiyi.com/repository/npmall/vue-router/-/vue-router-3.5.2.tgz",
      "integrity": "sha1-X1Xj8lGXDjbD6NiKfNLWejUK3lw=",
      "license": "MIT"
    },
    "node_modules/vuex": {
      "version": "3.6.2",
      "resolved": "https://repo.ctbiyi.com/repository/npmall/vuex/-/vuex-3.6.2.tgz",
      "integrity": "sha1-I2vAhqhww655lG8QfxbeWdWJXnE=",
      "license": "MIT",
      "peerDependencies": {
        "vue": "^2.0.0"
      }
    },
    "node_modules/vuex-persistedstate": {
      "version": "4.0.0",
      "resolved": "https://repo.ctbiyi.com/repository/npmall/vuex-persistedstate/-/vuex-persistedstate-4.0.0.tgz",
      "integrity": "sha1-7YLyZsqYyGmiqtnLmIDC9gjAXzo=",
      "license": "MIT",
      "dependencies": {
        "deepmerge": "^4.2.2",
        "shvl": "^2.0.3"
      },
      "peerDependencies": {
        "vuex": "^3.0 || ^4.0.0-rc"
      }
    }
  },
  "dependencies": {
    "ansi-styles": {
      "version": "4.3.0",
      "resolved": "https://repo.ctbiyi.com/repository/npmall/ansi-styles/-/ansi-styles-4.3.0.tgz",
      "integrity": "sha1-7dgDYornHATIWuegkG7a00tkiTc=",
      "requires": {
        "color-convert": "^2.0.1"
      }
    },
    "axios": {
      "version": "0.21.1",
      "resolved": "https://repo.ctbiyi.com/repository/npmall/axios/-/axios-0.21.1.tgz",
      "integrity": "sha1-IlY0gZYvTWvemnbVFu8OXTwJsrg=",
      "requires": {
        "follow-redirects": "^1.10.0"
      }
    },
    "chalk": {
      "version": "4.1.2",
      "resolved": "https://repo.ctbiyi.com/repository/npmall/chalk/-/chalk-4.1.2.tgz",
      "integrity": "sha1-qsTit3NKdAhnrrFr8CqtVWoeegE=",
      "requires": {
        "ansi-styles": "^4.1.0",
        "supports-color": "^7.1.0"
      }
    },
    "color-convert": {
      "version": "2.0.1",
      "resolved": "https://repo.ctbiyi.com/repository/npmall/color-convert/-/color-convert-2.0.1.tgz",
      "integrity": "sha1-ctOmjVmMm9s68q0ehPIdiWq9TeM=",
      "requires": {
        "color-name": "~1.1.4"
      }
    },
    "color-name": {
      "version": "1.1.4",
      "resolved": "https://repo.ctbiyi.com/repository/npmall/color-name/-/color-name-1.1.4.tgz",
      "integrity": "sha1-wqCah6y95pVD3m9j+jmVyCbFNqI="
    },
    "commander": {
      "version": "8.1.0",
      "resolved": "https://repo.ctbiyi.com/repository/npmall/commander/-/commander-8.1.0.tgz",
      "integrity": "sha1-2zbj5m7fJP9ZHWOYYsarLFJmQ2I="
    },
    "deepmerge": {
      "version": "4.2.2",
      "resolved": "https://repo.ctbiyi.com/repository/npmall/deepmerge/-/deepmerge-4.2.2.tgz",
      "integrity": "sha1-RNLqNnm49NT/ujPwPYZfwee/SVU="
    },
    "follow-redirects": {
      "version": "1.14.2",
      "resolved": "https://repo.ctbiyi.com/repository/npmall/follow-redirects/-/follow-redirects-1.14.2.tgz",
      "integrity": "sha1-zsuCUEfAD15msUL5D+1PUV3seJs="
    },
    "fs-extra": {
      "version": "10.0.0",
      "resolved": "https://repo.ctbiyi.com/repository/npmall/fs-extra/-/fs-extra-10.0.0.tgz",
      "integrity": "sha1-n/YbZV3eU/s0qC34S7IUzoAuF8E=",
      "requires": {
        "graceful-fs": "^4.2.0",
        "jsonfile": "^6.0.1",
        "universalify": "^2.0.0"
      }
    },
    "graceful-fs": {
      "version": "4.2.8",
      "resolved": "https://repo.ctbiyi.com/repository/npmall/graceful-fs/-/graceful-fs-4.2.8.tgz",
      "integrity": "sha1-5BK40z9eAGWTy9PO5t+fLOu+gCo="
    },
    "has-flag": {
      "version": "4.0.0",
      "resolved": "https://repo.ctbiyi.com/repository/npmall/has-flag/-/has-flag-4.0.0.tgz",
      "integrity": "sha1-lEdx/ZyByBJlxNaUGGDaBrtZR5s="
    },
    "jsonfile": {
      "version": "6.1.0",
      "resolved": "https://repo.ctbiyi.com/repository/npmall/jsonfile/-/jsonfile-6.1.0.tgz",
      "integrity": "sha1-vFWyY0eTxnnsZAMJTrE2mKbsCq4=",
      "requires": {
        "graceful-fs": "^4.1.6",
        "universalify": "^2.0.0"
      }
    },
    "kleur": {
      "version": "3.0.3",
      "resolved": "https://repo.ctbiyi.com/repository/npmall/kleur/-/kleur-3.0.3.tgz",
      "integrity": "sha1-p5yezIbuHOP6YgbRIWxQHxR/wH4="
    },
    "prompts": {
      "version": "2.4.1",
      "resolved": "https://repo.ctbiyi.com/repository/npmall/prompts/-/prompts-2.4.1.tgz",
      "integrity": "sha1-vv07EZW6BS+f0v3opIbE6C7nf2E=",
      "requires": {
        "kleur": "^3.0.3",
        "sisteransi": "^1.0.5"
      }
    },
    "shvl": {
      "version": "2.0.3",
      "resolved": "https://repo.ctbiyi.com/repository/npmall/shvl/-/shvl-2.0.3.tgz",
      "integrity": "sha1-60vTdkT1aEu6H8UsMBDJb7Xmr9E="
    },
    "sisteransi": {
      "version": "1.0.5",
      "resolved": "https://repo.ctbiyi.com/repository/npmall/sisteransi/-/sisteransi-1.0.5.tgz",
      "integrity": "sha1-E01oEpd1ZDfMBcoBNw06elcQde0="
    },
    "supports-color": {
      "version": "7.2.0",
      "resolved": "https://repo.ctbiyi.com/repository/npmall/supports-color/-/supports-color-7.2.0.tgz",
      "integrity": "sha1-G33NyzK4E4gBs+R4umpRyqiWSNo=",
      "requires": {
        "has-flag": "^4.0.0"
      }
    },
    "universalify": {
      "version": "2.0.0",
      "resolved": "https://repo.ctbiyi.com/repository/npmall/universalify/-/universalify-2.0.0.tgz",
      "integrity": "sha1-daSYTv7cSwiXXFrrc/Uw0C3yVxc="
    },
    "vue": {
      "version": "2.6.14",
      "resolved": "https://repo.ctbiyi.com/repository/npmall/vue/-/vue-2.6.14.tgz",
      "integrity": "sha1-5RqlJQJQ1Wmj+606ilpofWA24jU=",
      "peer": true
    },
    "vue-router": {
      "version": "3.5.2",
      "resolved": "https://repo.ctbiyi.com/repository/npmall/vue-router/-/vue-router-3.5.2.tgz",
      "integrity": "sha1-X1Xj8lGXDjbD6NiKfNLWejUK3lw="
    },
    "vuex": {
      "version": "3.6.2",
      "resolved": "https://repo.ctbiyi.com/repository/npmall/vuex/-/vuex-3.6.2.tgz",
      "integrity": "sha1-I2vAhqhww655lG8QfxbeWdWJXnE=",
      "requires": {}
    },
    "vuex-persistedstate": {
      "version": "4.0.0",
      "resolved": "https://repo.ctbiyi.com/repository/npmall/vuex-persistedstate/-/vuex-persistedstate-4.0.0.tgz",
      "integrity": "sha1-7YLyZsqYyGmiqtnLmIDC9gjAXzo=",
      "requires": {
        "deepmerge": "^4.2.2",
        "shvl": "^2.0.3"
      }
    }
  }
}
